
Microsoft Visual Studio Solution File, Format Version 12.00
Project("{FAE04EC0-301F-11D3-BF4B-00C04F79EFBC}") = "LocationManager", "LocationManager\LocationManager.csproj", "{2B3EE6CE-17AD-4F8B-9C63-058654445A8B}"
EndProject
Global
	GlobalSection(SolutionConfigurationPlatforms) = preSolution
		Debug|Any CPU = Debug|Any CPU
		Release|Any CPU = Release|Any CPU
	EndGlobalSection
	GlobalSection(ProjectConfigurationPlatforms) = postSolution
		{2B3EE6CE-17AD-4F8B-9C63-058654445A8B}.Debug|Any CPU.ActiveCfg = Debug|Any CPU
		{2B3EE6CE-17AD-4F8B-9C63-058654445A8B}.Debug|Any CPU.Build.0 = Debug|Any CPU
		{2B3EE6CE-17AD-4F8B-9C63-058654445A8B}.Release|Any CPU.ActiveCfg = Release|Any CPU
		{2B3EE6CE-17AD-4F8B-9C63-058654445A8B}.Release|Any CPU.Build.0 = Release|Any CPU
	EndGlobalSection
EndGlobal
